// !$*UTF8*$!
{
	archiveVersion = 1;
	classes = {
	};
	objectVersion = 51;
	objects = {

/* Begin PBXBuildFile section */
		702C05F023A2AE2B00D395B9 /* Extensions.swift in Sources */ = {isa = PBXBuildFile; fileRef = 702C05EF23A2AE2B00D395B9 /* Extensions.swift */; };
		7037867823A420720044AF2F /* RunLogCell.swift in Sources */ = {isa = PBXBuildFile; fileRef = 7037867723A420720044AF2F /* RunLogCell.swift */; };
		70443D4023A397BF00E8EE34 /* Run.swift in Sources */ = {isa = PBXBuildFile; fileRef = 70443D3F23A397BF00E8EE34 /* Run.swift */; };
		709574232399376C00DA5687 /* AppDelegate.swift in Sources */ = {isa = PBXBuildFile; fileRef = 709574222399376C00DA5687 /* AppDelegate.swift */; };
		709574252399376C00DA5687 /* SceneDelegate.swift in Sources */ = {isa = PBXBuildFile; fileRef = 709574242399376C00DA5687 /* SceneDelegate.swift */; };
		709574272399376C00DA5687 /* BeginRunVC.swift in Sources */ = {isa = PBXBuildFile; fileRef = 709574262399376C00DA5687 /* BeginRunVC.swift */; };
		709574292399376C00DA5687 /* RunLogVC.swift in Sources */ = {isa = PBXBuildFile; fileRef = 709574282399376C00DA5687 /* RunLogVC.swift */; };
		7095742C2399376C00DA5687 /* Main.storyboard in Resources */ = {isa = PBXBuildFile; fileRef = 7095742A2399376C00DA5687 /* Main.storyboard */; };
		7095742E2399377000DA5687 /* Assets.xcassets in Resources */ = {isa = PBXBuildFile; fileRef = 7095742D2399377000DA5687 /* Assets.xcassets */; };
		709574312399377000DA5687 /* LaunchScreen.storyboard in Resources */ = {isa = PBXBuildFile; fileRef = 7095742F2399377000DA5687 /* LaunchScreen.storyboard */; };
		70957462239969EE00DA5687 /* Montserrat-Regular.otf in Resources */ = {isa = PBXBuildFile; fileRef = 7095743E239969E700DA5687 /* Montserrat-Regular.otf */; };
		70957463239969EE00DA5687 /* MontserratAlternates-Bold.otf in Resources */ = {isa = PBXBuildFile; fileRef = 7095743F239969E700DA5687 /* MontserratAlternates-Bold.otf */; };
		70957464239969EE00DA5687 /* Montserrat-BoldItalic.otf in Resources */ = {isa = PBXBuildFile; fileRef = 70957440239969E700DA5687 /* Montserrat-BoldItalic.otf */; };
		70957465239969EE00DA5687 /* MontserratAlternates-Regular.otf in Resources */ = {isa = PBXBuildFile; fileRef = 70957441239969E700DA5687 /* MontserratAlternates-Regular.otf */; };
		70957466239969EE00DA5687 /* MontserratAlternates-LightItalic.otf in Resources */ = {isa = PBXBuildFile; fileRef = 70957442239969E700DA5687 /* MontserratAlternates-LightItalic.otf */; };
		70957467239969EE00DA5687 /* MontserratAlternates-SemiBoldItalic.otf in Resources */ = {isa = PBXBuildFile; fileRef = 70957443239969E700DA5687 /* MontserratAlternates-SemiBoldItalic.otf */; };
		70957468239969EE00DA5687 /* Montserrat-ExtraLightItalic.otf in Resources */ = {isa = PBXBuildFile; fileRef = 70957444239969E800DA5687 /* Montserrat-ExtraLightItalic.otf */; };
		70957469239969EE00DA5687 /* Montserrat-SemiBold.otf in Resources */ = {isa = PBXBuildFile; fileRef = 70957445239969E800DA5687 /* Montserrat-SemiBold.otf */; };
		7095746A239969EE00DA5687 /* Montserrat-Italic.otf in Resources */ = {isa = PBXBuildFile; fileRef = 70957446239969E800DA5687 /* Montserrat-Italic.otf */; };
		7095746B239969EE00DA5687 /* Montserrat-ExtraLight.otf in Resources */ = {isa = PBXBuildFile; fileRef = 70957447239969E900DA5687 /* Montserrat-ExtraLight.otf */; };
		7095746C239969EE00DA5687 /* MontserratAlternates-BoldItalic.otf in Resources */ = {isa = PBXBuildFile; fileRef = 70957448239969E900DA5687 /* MontserratAlternates-BoldItalic.otf */; };
		7095746D239969EE00DA5687 /* MontserratAlternates-ThinItalic.otf in Resources */ = {isa = PBXBuildFile; fileRef = 70957449239969E900DA5687 /* MontserratAlternates-ThinItalic.otf */; };
		7095746E239969EE00DA5687 /* MontserratAlternates-Black.otf in Resources */ = {isa = PBXBuildFile; fileRef = 7095744A239969E900DA5687 /* MontserratAlternates-Black.otf */; };
		7095746F239969EE00DA5687 /* MontserratAlternates-ExtraBoldItalic.otf in Resources */ = {isa = PBXBuildFile; fileRef = 7095744B239969E900DA5687 /* MontserratAlternates-ExtraBoldItalic.otf */; };
		70957470239969EE00DA5687 /* MontserratAlternates-BlackItalic.otf in Resources */ = {isa = PBXBuildFile; fileRef = 7095744C239969EA00DA5687 /* MontserratAlternates-BlackItalic.otf */; };
		70957471239969EE00DA5687 /* MontserratAlternates-ExtraLight.otf in Resources */ = {isa = PBXBuildFile; fileRef = 7095744D239969EA00DA5687 /* MontserratAlternates-ExtraLight.otf */; };
		70957472239969EE00DA5687 /* MontserratAlternates-Thin.otf in Resources */ = {isa = PBXBuildFile; fileRef = 7095744E239969EA00DA5687 /* MontserratAlternates-Thin.otf */; };
		70957473239969EE00DA5687 /* Montserrat-Medium.otf in Resources */ = {isa = PBXBuildFile; fileRef = 7095744F239969EA00DA5687 /* Montserrat-Medium.otf */; };
		70957474239969EE00DA5687 /* Montserrat-Bold.otf in Resources */ = {isa = PBXBuildFile; fileRef = 70957450239969EA00DA5687 /* Montserrat-Bold.otf */; };
		70957475239969EE00DA5687 /* Montserrat-SemiBoldItalic.otf in Resources */ = {isa = PBXBuildFile; fileRef = 70957451239969EA00DA5687 /* Montserrat-SemiBoldItalic.otf */; };
		70957476239969EE00DA5687 /* Montserrat-Light.otf in Resources */ = {isa = PBXBuildFile; fileRef = 70957452239969EB00DA5687 /* Montserrat-Light.otf */; };
		70957477239969EE00DA5687 /* MontserratAlternates-MediumItalic.otf in Resources */ = {isa = PBXBuildFile; fileRef = 70957453239969EB00DA5687 /* MontserratAlternates-MediumItalic.otf */; };
		70957478239969EE00DA5687 /* MontserratAlternates-SemiBold.otf in Resources */ = {isa = PBXBuildFile; fileRef = 70957454239969EB00DA5687 /* MontserratAlternates-SemiBold.otf */; };
		70957479239969EE00DA5687 /* Montserrat-ExtraBoldItalic.otf in Resources */ = {isa = PBXBuildFile; fileRef = 70957455239969EB00DA5687 /* Montserrat-ExtraBoldItalic.otf */; };
		7095747A239969EE00DA5687 /* MontserratAlternates-Italic.otf in Resources */ = {isa = PBXBuildFile; fileRef = 70957456239969EB00DA5687 /* MontserratAlternates-Italic.otf */; };
		7095747B239969EE00DA5687 /* Montserrat-LightItalic.otf in Resources */ = {isa = PBXBuildFile; fileRef = 70957457239969EB00DA5687 /* Montserrat-LightItalic.otf */; };
		7095747C239969EE00DA5687 /* Montserrat-ExtraBold.otf in Resources */ = {isa = PBXBuildFile; fileRef = 70957458239969EC00DA5687 /* Montserrat-ExtraBold.otf */; };
		7095747D239969EE00DA5687 /* MontserratAlternates-Light.otf in Resources */ = {isa = PBXBuildFile; fileRef = 70957459239969EC00DA5687 /* MontserratAlternates-Light.otf */; };
		7095747E239969EE00DA5687 /* MontserratAlternates-Medium.otf in Resources */ = {isa = PBXBuildFile; fileRef = 7095745A239969EC00DA5687 /* MontserratAlternates-Medium.otf */; };
		7095747F239969EE00DA5687 /* Montserrat-Black.otf in Resources */ = {isa = PBXBuildFile; fileRef = 7095745B239969EC00DA5687 /* Montserrat-Black.otf */; };
		70957480239969EE00DA5687 /* Montserrat-Thin.otf in Resources */ = {isa = PBXBuildFile; fileRef = 7095745C239969EC00DA5687 /* Montserrat-Thin.otf */; };
		70957481239969EE00DA5687 /* Montserrat-ThinItalic.otf in Resources */ = {isa = PBXBuildFile; fileRef = 7095745D239969ED00DA5687 /* Montserrat-ThinItalic.otf */; };
		70957482239969EE00DA5687 /* MontserratAlternates-ExtraBold.otf in Resources */ = {isa = PBXBuildFile; fileRef = 7095745E239969ED00DA5687 /* MontserratAlternates-ExtraBold.otf */; };
		70957483239969EE00DA5687 /* MontserratAlternates-ExtraLightItalic.otf in Resources */ = {isa = PBXBuildFile; fileRef = 7095745F239969ED00DA5687 /* MontserratAlternates-ExtraLightItalic.otf */; };
		70957484239969EE00DA5687 /* Montserrat-BlackItalic.otf in Resources */ = {isa = PBXBuildFile; fileRef = 70957460239969ED00DA5687 /* Montserrat-BlackItalic.otf */; };
		70957485239969EE00DA5687 /* Montserrat-MediumItalic.otf in Resources */ = {isa = PBXBuildFile; fileRef = 70957461239969EE00DA5687 /* Montserrat-MediumItalic.otf */; };
		70A2516B239E5BB000699659 /* LocationVC.swift in Sources */ = {isa = PBXBuildFile; fileRef = 70A2516A239E5BB000699659 /* LocationVC.swift */; };
		70C8DA932399B5250005EFD9 /* CurrentRunVC.swift in Sources */ = {isa = PBXBuildFile; fileRef = 70C8DA922399B5250005EFD9 /* CurrentRunVC.swift */; };
		70D46D9123A40A4000C35B1A /* Constants.swift in Sources */ = {isa = PBXBuildFile; fileRef = 70D46D9023A40A4000C35B1A /* Constants.swift */; };
		B764706345B4FADC0A21B0B2 /* Pods_Treads.framework in Frameworks */ = {isa = PBXBuildFile; fileRef = AE19FD4B27E54A1E60486536 /* Pods_Treads.framework */; };
/* End PBXBuildFile section */

/* Begin PBXFileReference section */
		2E5BE15ED7E8318986AB5FEC /* Pods-Treads.release.xcconfig */ = {isa = PBXFileReference; includeInIndex = 1; lastKnownFileType = text.xcconfig; name = "Pods-Treads.release.xcconfig"; path = "Pods/Target Support Files/Pods-Treads/Pods-Treads.release.xcconfig"; sourceTree = "<group>"; };
		5702AEFDCFCEC1D1EA26BF4F /* Pods-Treads.debug.xcconfig */ = {isa = PBXFileReference; includeInIndex = 1; lastKnownFileType = text.xcconfig; name = "Pods-Treads.debug.xcconfig"; path = "Pods/Target Support Files/Pods-Treads/Pods-Treads.debug.xcconfig"; sourceTree = "<group>"; };
		702C05EF23A2AE2B00D395B9 /* Extensions.swift */ = {isa = PBXFileReference; lastKnownFileType = sourcecode.swift; path = Extensions.swift; sourceTree = "<group>"; };
		7037867723A420720044AF2F /* RunLogCell.swift */ = {isa = PBXFileReference; lastKnownFileType = sourcecode.swift; path = RunLogCell.swift; sourceTree = "<group>"; };
		70443D3F23A397BF00E8EE34 /* Run.swift */ = {isa = PBXFileReference; lastKnownFileType = sourcecode.swift; path = Run.swift; sourceTree = "<group>"; };
		7095741F2399376C00DA5687 /* Treads.app */ = {isa = PBXFileReference; explicitFileType = wrapper.application; includeInIndex = 0; path = Treads.app; sourceTree = BUILT_PRODUCTS_DIR; };
		709574222399376C00DA5687 /* AppDelegate.swift */ = {isa = PBXFileReference; lastKnownFileType = sourcecode.swift; path = AppDelegate.swift; sourceTree = "<group>"; };
		709574242399376C00DA5687 /* SceneDelegate.swift */ = {isa = PBXFileReference; lastKnownFileType = sourcecode.swift; path = SceneDelegate.swift; sourceTree = "<group>"; };
		709574262399376C00DA5687 /* BeginRunVC.swift */ = {isa = PBXFileReference; lastKnownFileType = sourcecode.swift; path = BeginRunVC.swift; sourceTree = "<group>"; };
		709574282399376C00DA5687 /* RunLogVC.swift */ = {isa = PBXFileReference; lastKnownFileType = sourcecode.swift; path = RunLogVC.swift; sourceTree = "<group>"; };
		7095742B2399376C00DA5687 /* Base */ = {isa = PBXFileReference; lastKnownFileType = file.storyboard; name = Base; path = Base.lproj/Main.storyboard; sourceTree = "<group>"; };
		7095742D2399377000DA5687 /* Assets.xcassets */ = {isa = PBXFileReference; lastKnownFileType = folder.assetcatalog; path = Assets.xcassets; sourceTree = "<group>"; };
		709574302399377000DA5687 /* Base */ = {isa = PBXFileReference; lastKnownFileType = file.storyboard; name = Base; path = Base.lproj/LaunchScreen.storyboard; sourceTree = "<group>"; };
		709574322399377000DA5687 /* Info.plist */ = {isa = PBXFileReference; lastKnownFileType = text.plist.xml; path = Info.plist; sourceTree = "<group>"; };
		7095743E239969E700DA5687 /* Montserrat-Regular.otf */ = {isa = PBXFileReference; lastKnownFileType = file; path = "Montserrat-Regular.otf"; sourceTree = "<group>"; };
		7095743F239969E700DA5687 /* MontserratAlternates-Bold.otf */ = {isa = PBXFileReference; lastKnownFileType = file; path = "MontserratAlternates-Bold.otf"; sourceTree = "<group>"; };
		70957440239969E700DA5687 /* Montserrat-BoldItalic.otf */ = {isa = PBXFileReference; lastKnownFileType = file; path = "Montserrat-BoldItalic.otf"; sourceTree = "<group>"; };
		70957441239969E700DA5687 /* MontserratAlternates-Regular.otf */ = {isa = PBXFileReference; lastKnownFileType = file; path = "MontserratAlternates-Regular.otf"; sourceTree = "<group>"; };
		70957442239969E700DA5687 /* MontserratAlternates-LightItalic.otf */ = {isa = PBXFileReference; lastKnownFileType = file; path = "MontserratAlternates-LightItalic.otf"; sourceTree = "<group>"; };
		70957443239969E700DA5687 /* MontserratAlternates-SemiBoldItalic.otf */ = {isa = PBXFileReference; lastKnownFileType = file; path = "MontserratAlternates-SemiBoldItalic.otf"; sourceTree = "<group>"; };
		70957444239969E800DA5687 /* Montserrat-ExtraLightItalic.otf */ = {isa = PBXFileReference; lastKnownFileType = file; path = "Montserrat-ExtraLightItalic.otf"; sourceTree = "<group>"; };
		70957445239969E800DA5687 /* Montserrat-SemiBold.otf */ = {isa = PBXFileReference; lastKnownFileType = file; path = "Montserrat-SemiBold.otf"; sourceTree = "<group>"; };
		70957446239969E800DA5687 /* Montserrat-Italic.otf */ = {isa = PBXFileReference; lastKnownFileType = file; path = "Montserrat-Italic.otf"; sourceTree = "<group>"; };
		70957447239969E900DA5687 /* Montserrat-ExtraLight.otf */ = {isa = PBXFileReference; lastKnownFileType = file; path = "Montserrat-ExtraLight.otf"; sourceTree = "<group>"; };
		70957448239969E900DA5687 /* MontserratAlternates-BoldItalic.otf */ = {isa = PBXFileReference; lastKnownFileType = file; path = "MontserratAlternates-BoldItalic.otf"; sourceTree = "<group>"; };
		70957449239969E900DA5687 /* MontserratAlternates-ThinItalic.otf */ = {isa = PBXFileReference; lastKnownFileType = file; path = "MontserratAlternates-ThinItalic.otf"; sourceTree = "<group>"; };
		7095744A239969E900DA5687 /* MontserratAlternates-Black.otf */ = {isa = PBXFileReference; lastKnownFileType = file; path = "MontserratAlternates-Black.otf"; sourceTree = "<group>"; };
		7095744B239969E900DA5687 /* MontserratAlternates-ExtraBoldItalic.otf */ = {isa = PBXFileReference; lastKnownFileType = file; path = "MontserratAlternates-ExtraBoldItalic.otf"; sourceTree = "<group>"; };
		7095744C239969EA00DA5687 /* MontserratAlternates-BlackItalic.otf */ = {isa = PBXFileReference; lastKnownFileType = file; path = "MontserratAlternates-BlackItalic.otf"; sourceTree = "<group>"; };
		7095744D239969EA00DA5687 /* MontserratAlternates-ExtraLight.otf */ = {isa = PBXFileReference; lastKnownFileType = file; path = "MontserratAlternates-ExtraLight.otf"; sourceTree = "<group>"; };
		7095744E239969EA00DA5687 /* MontserratAlternates-Thin.otf */ = {isa = PBXFileReference; lastKnownFileType = file; path = "MontserratAlternates-Thin.otf"; sourceTree = "<group>"; };
		7095744F239969EA00DA5687 /* Montserrat-Medium.otf */ = {isa = PBXFileReference; lastKnownFileType = file; path = "Montserrat-Medium.otf"; sourceTree = "<group>"; };
		70957450239969EA00DA5687 /* Montserrat-Bold.otf */ = {isa = PBXFileReference; lastKnownFileType = file; path = "Montserrat-Bold.otf"; sourceTree = "<group>"; };
		70957451239969EA00DA5687 /* Montserrat-SemiBoldItalic.otf */ = {isa = PBXFileReference; lastKnownFileType = file; path = "Montserrat-SemiBoldItalic.otf"; sourceTree = "<group>"; };
		70957452239969EB00DA5687 /* Montserrat-Light.otf */ = {isa = PBXFileReference; lastKnownFileType = file; path = "Montserrat-Light.otf"; sourceTree = "<group>"; };
		70957453239969EB00DA5687 /* MontserratAlternates-MediumItalic.otf */ = {isa = PBXFileReference; lastKnownFileType = file; path = "MontserratAlternates-MediumItalic.otf"; sourceTree = "<group>"; };
		70957454239969EB00DA5687 /* MontserratAlternates-SemiBold.otf */ = {isa = PBXFileReference; lastKnownFileType = file; path = "MontserratAlternates-SemiBold.otf"; sourceTree = "<group>"; };
		70957455239969EB00DA5687 /* Montserrat-ExtraBoldItalic.otf */ = {isa = PBXFileReference; lastKnownFileType = file; path = "Montserrat-ExtraBoldItalic.otf"; sourceTree = "<group>"; };
		70957456239969EB00DA5687 /* MontserratAlternates-Italic.otf */ = {isa = PBXFileReference; lastKnownFileType = file; path = "MontserratAlternates-Italic.otf"; sourceTree = "<group>"; };
		70957457239969EB00DA5687 /* Montserrat-LightItalic.otf */ = {isa = PBXFileReference; lastKnownFileType = file; path = "Montserrat-LightItalic.otf"; sourceTree = "<group>"; };
		70957458239969EC00DA5687 /* Montserrat-ExtraBold.otf */ = {isa = PBXFileReference; lastKnownFileType = file; path = "Montserrat-ExtraBold.otf"; sourceTree = "<group>"; };
		70957459239969EC00DA5687 /* MontserratAlternates-Light.otf */ = {isa = PBXFileReference; lastKnownFileType = file; path = "MontserratAlternates-Light.otf"; sourceTree = "<group>"; };
		7095745A239969EC00DA5687 /* MontserratAlternates-Medium.otf */ = {isa = PBXFileReference; lastKnownFileType = file; path = "MontserratAlternates-Medium.otf"; sourceTree = "<group>"; };
		7095745B239969EC00DA5687 /* Montserrat-Black.otf */ = {isa = PBXFileReference; lastKnownFileType = file; path = "Montserrat-Black.otf"; sourceTree = "<group>"; };
		7095745C239969EC00DA5687 /* Montserrat-Thin.otf */ = {isa = PBXFileReference; lastKnownFileType = file; path = "Montserrat-Thin.otf"; sourceTree = "<group>"; };
		7095745D239969ED00DA5687 /* Montserrat-ThinItalic.otf */ = {isa = PBXFileReference; lastKnownFileType = file; path = "Montserrat-ThinItalic.otf"; sourceTree = "<group>"; };
		7095745E239969ED00DA5687 /* MontserratAlternates-ExtraBold.otf */ = {isa = PBXFileReference; lastKnownFileType = file; path = "MontserratAlternates-ExtraBold.otf"; sourceTree = "<group>"; };
		7095745F239969ED00DA5687 /* MontserratAlternates-ExtraLightItalic.otf */ = {isa = PBXFileReference; lastKnownFileType = file; path = "MontserratAlternates-ExtraLightItalic.otf"; sourceTree = "<group>"; };
		70957460239969ED00DA5687 /* Montserrat-BlackItalic.otf */ = {isa = PBXFileReference; lastKnownFileType = file; path = "Montserrat-BlackItalic.otf"; sourceTree = "<group>"; };
		70957461239969EE00DA5687 /* Montserrat-MediumItalic.otf */ = {isa = PBXFileReference; lastKnownFileType = file; path = "Montserrat-MediumItalic.otf"; sourceTree = "<group>"; };
		70A2516A239E5BB000699659 /* LocationVC.swift */ = {isa = PBXFileReference; lastKnownFileType = sourcecode.swift; path = LocationVC.swift; sourceTree = "<group>"; };
		70C8DA922399B5250005EFD9 /* CurrentRunVC.swift */ = {isa = PBXFileReference; lastKnownFileType = sourcecode.swift; path = CurrentRunVC.swift; sourceTree = "<group>"; };
		70D46D9023A40A4000C35B1A /* Constants.swift */ = {isa = PBXFileReference; lastKnownFileType = sourcecode.swift; path = Constants.swift; sourceTree = "<group>"; };
		AE19FD4B27E54A1E60486536 /* Pods_Treads.framework */ = {isa = PBXFileReference; explicitFileType = wrapper.framework; includeInIndex = 0; path = Pods_Treads.framework; sourceTree = BUILT_PRODUCTS_DIR; };
/* End PBXFileReference section */

/* Begin PBXFrameworksBuildPhase section */
		7095741C2399376C00DA5687 /* Frameworks */ = {
			isa = PBXFrameworksBuildPhase;
			buildActionMask = 2147483647;
			files = (
				B764706345B4FADC0A21B0B2 /* Pods_Treads.framework in Frameworks */,
			);
			runOnlyForDeploymentPostprocessing = 0;
		};
/* End PBXFrameworksBuildPhase section */

/* Begin PBXGroup section */
		58A4E081A25767464DF24640 /* Pods */ = {
			isa = PBXGroup;
			children = (
				5702AEFDCFCEC1D1EA26BF4F /* Pods-Treads.debug.xcconfig */,
				2E5BE15ED7E8318986AB5FEC /* Pods-Treads.release.xcconfig */,
			);
			name = Pods;
			sourceTree = "<group>";
		};
		70443D3E23A397B000E8EE34 /* Model */ = {
			isa = PBXGroup;
			children = (
				70443D3F23A397BF00E8EE34 /* Run.swift */,
			);
			path = Model;
			sourceTree = "<group>";
		};
		709574162399376C00DA5687 = {
			isa = PBXGroup;
			children = (
				709574212399376C00DA5687 /* Treads */,
				709574202399376C00DA5687 /* Products */,
				58A4E081A25767464DF24640 /* Pods */,
				EC14BB032BCC04A6F95B27DF /* Frameworks */,
			);
			sourceTree = "<group>";
		};
		709574202399376C00DA5687 /* Products */ = {
			isa = PBXGroup;
			children = (
				7095741F2399376C00DA5687 /* Treads.app */,
			);
			name = Products;
			sourceTree = "<group>";
		};
		709574212399376C00DA5687 /* Treads */ = {
			isa = PBXGroup;
			children = (
				70443D3E23A397B000E8EE34 /* Model */,
				7095743D2399451F00DA5687 /* Utilities */,
				7095743C239944E300DA5687 /* Extensions */,
				7095743A239944D200DA5687 /* View */,
				70957439239944C900DA5687 /* Controller */,
				70957438239944C000DA5687 /* Resources */,
				709574222399376C00DA5687 /* AppDelegate.swift */,
				709574242399376C00DA5687 /* SceneDelegate.swift */,
				7095742A2399376C00DA5687 /* Main.storyboard */,
				7095742D2399377000DA5687 /* Assets.xcassets */,
				7095742F2399377000DA5687 /* LaunchScreen.storyboard */,
				709574322399377000DA5687 /* Info.plist */,
			);
			path = Treads;
			sourceTree = "<group>";
		};
		70957438239944C000DA5687 /* Resources */ = {
			isa = PBXGroup;
			children = (
				7095745B239969EC00DA5687 /* Montserrat-Black.otf */,
				70957460239969ED00DA5687 /* Montserrat-BlackItalic.otf */,
				70957450239969EA00DA5687 /* Montserrat-Bold.otf */,
				70957440239969E700DA5687 /* Montserrat-BoldItalic.otf */,
				70957458239969EC00DA5687 /* Montserrat-ExtraBold.otf */,
				70957455239969EB00DA5687 /* Montserrat-ExtraBoldItalic.otf */,
				70957447239969E900DA5687 /* Montserrat-ExtraLight.otf */,
				70957444239969E800DA5687 /* Montserrat-ExtraLightItalic.otf */,
				70957446239969E800DA5687 /* Montserrat-Italic.otf */,
				70957452239969EB00DA5687 /* Montserrat-Light.otf */,
				70957457239969EB00DA5687 /* Montserrat-LightItalic.otf */,
				7095744F239969EA00DA5687 /* Montserrat-Medium.otf */,
				70957461239969EE00DA5687 /* Montserrat-MediumItalic.otf */,
				7095743E239969E700DA5687 /* Montserrat-Regular.otf */,
				70957445239969E800DA5687 /* Montserrat-SemiBold.otf */,
				70957451239969EA00DA5687 /* Montserrat-SemiBoldItalic.otf */,
				7095745C239969EC00DA5687 /* Montserrat-Thin.otf */,
				7095745D239969ED00DA5687 /* Montserrat-ThinItalic.otf */,
				7095744A239969E900DA5687 /* MontserratAlternates-Black.otf */,
				7095744C239969EA00DA5687 /* MontserratAlternates-BlackItalic.otf */,
				7095743F239969E700DA5687 /* MontserratAlternates-Bold.otf */,
				70957448239969E900DA5687 /* MontserratAlternates-BoldItalic.otf */,
				7095745E239969ED00DA5687 /* MontserratAlternates-ExtraBold.otf */,
				7095744B239969E900DA5687 /* MontserratAlternates-ExtraBoldItalic.otf */,
				7095744D239969EA00DA5687 /* MontserratAlternates-ExtraLight.otf */,
				7095745F239969ED00DA5687 /* MontserratAlternates-ExtraLightItalic.otf */,
				70957456239969EB00DA5687 /* MontserratAlternates-Italic.otf */,
				70957459239969EC00DA5687 /* MontserratAlternates-Light.otf */,
				70957442239969E700DA5687 /* MontserratAlternates-LightItalic.otf */,
				7095745A239969EC00DA5687 /* MontserratAlternates-Medium.otf */,
				70957453239969EB00DA5687 /* MontserratAlternates-MediumItalic.otf */,
				70957441239969E700DA5687 /* MontserratAlternates-Regular.otf */,
				70957454239969EB00DA5687 /* MontserratAlternates-SemiBold.otf */,
				70957443239969E700DA5687 /* MontserratAlternates-SemiBoldItalic.otf */,
				7095744E239969EA00DA5687 /* MontserratAlternates-Thin.otf */,
				70957449239969E900DA5687 /* MontserratAlternates-ThinItalic.otf */,
			);
			path = Resources;
			sourceTree = "<group>";
		};
		70957439239944C900DA5687 /* Controller */ = {
			isa = PBXGroup;
			children = (
				709574262399376C00DA5687 /* BeginRunVC.swift */,
				709574282399376C00DA5687 /* RunLogVC.swift */,
				70C8DA922399B5250005EFD9 /* CurrentRunVC.swift */,
				70A2516A239E5BB000699659 /* LocationVC.swift */,
			);
			path = Controller;
			sourceTree = "<group>";
		};
		7095743A239944D200DA5687 /* View */ = {
			isa = PBXGroup;
			children = (
				7037867723A420720044AF2F /* RunLogCell.swift */,
			);
			path = View;
			sourceTree = "<group>";
		};
		7095743C239944E300DA5687 /* Extensions */ = {
			isa = PBXGroup;
			children = (
				702C05EF23A2AE2B00D395B9 /* Extensions.swift */,
			);
			path = Extensions;
			sourceTree = "<group>";
		};
		7095743D2399451F00DA5687 /* Utilities */ = {
			isa = PBXGroup;
			children = (
				70D46D9023A40A4000C35B1A /* Constants.swift */,
			);
			path = Utilities;
			sourceTree = "<group>";
		};
		EC14BB032BCC04A6F95B27DF /* Frameworks */ = {
			isa = PBXGroup;
			children = (
				AE19FD4B27E54A1E60486536 /* Pods_Treads.framework */,
			);
			name = Frameworks;
			sourceTree = "<group>";
		};
/* End PBXGroup section */

/* Begin PBXNativeTarget section */
		7095741E2399376C00DA5687 /* Treads */ = {
			isa = PBXNativeTarget;
			buildConfigurationList = 709574352399377000DA5687 /* Build configuration list for PBXNativeTarget "Treads" */;
			buildPhases = (
				08C94503A20FF79D7DB3B0DC /* [CP] Check Pods Manifest.lock */,
				7095741B2399376C00DA5687 /* Sources */,
				7095741C2399376C00DA5687 /* Frameworks */,
				7095741D2399376C00DA5687 /* Resources */,
				6A2ADDD6C744580D2F71F31F /* [CP] Embed Pods Frameworks */,
			);
			buildRules = (
			);
			dependencies = (
			);
			name = Treads;
			productName = Treads;
			productReference = 7095741F2399376C00DA5687 /* Treads.app */;
			productType = "com.apple.product-type.application";
		};
/* End PBXNativeTarget section */

/* Begin PBXProject section */
		709574172399376C00DA5687 /* Project object */ = {
			isa = PBXProject;
			attributes = {
				LastSwiftUpdateCheck = 1120;
				LastUpgradeCheck = 1120;
				ORGANIZATIONNAME = "Tomek Klocek";
				TargetAttributes = {
					7095741E2399376C00DA5687 = {
						CreatedOnToolsVersion = 11.2.1;
					};
				};
			};
			buildConfigurationList = 7095741A2399376C00DA5687 /* Build configuration list for PBXProject "Treads" */;
			compatibilityVersion = "Xcode 9.3";
			developmentRegion = en;
			hasScannedForEncodings = 0;
			knownRegions = (
				en,
				Base,
			);
			mainGroup = 709574162399376C00DA5687;
			productRefGroup = 709574202399376C00DA5687 /* Products */;
			projectDirPath = "";
			projectRoot = "";
			targets = (
				7095741E2399376C00DA5687 /* Treads */,
			);
		};
/* End PBXProject section */

/* Begin PBXResourcesBuildPhase section */
		7095741D2399376C00DA5687 /* Resources */ = {
			isa = PBXResourcesBuildPhase;
			buildActionMask = 2147483647;
			files = (
				7095747C239969EE00DA5687 /* Montserrat-ExtraBold.otf in Resources */,
				7095747F239969EE00DA5687 /* Montserrat-Black.otf in Resources */,
				70957466239969EE00DA5687 /* MontserratAlternates-LightItalic.otf in Resources */,
				7095746E239969EE00DA5687 /* MontserratAlternates-Black.otf in Resources */,
				70957481239969EE00DA5687 /* Montserrat-ThinItalic.otf in Resources */,
				70957479239969EE00DA5687 /* Montserrat-ExtraBoldItalic.otf in Resources */,
				70957471239969EE00DA5687 /* MontserratAlternates-ExtraLight.otf in Resources */,
				709574312399377000DA5687 /* LaunchScreen.storyboard in Resources */,
				7095747E239969EE00DA5687 /* MontserratAlternates-Medium.otf in Resources */,
				70957475239969EE00DA5687 /* Montserrat-SemiBoldItalic.otf in Resources */,
				7095746C239969EE00DA5687 /* MontserratAlternates-BoldItalic.otf in Resources */,
				70957468239969EE00DA5687 /* Montserrat-ExtraLightItalic.otf in Resources */,
				7095746B239969EE00DA5687 /* Montserrat-ExtraLight.otf in Resources */,
				7095742E2399377000DA5687 /* Assets.xcassets in Resources */,
				7095746F239969EE00DA5687 /* MontserratAlternates-ExtraBoldItalic.otf in Resources */,
				7095742C2399376C00DA5687 /* Main.storyboard in Resources */,
				70957465239969EE00DA5687 /* MontserratAlternates-Regular.otf in Resources */,
				7095747D239969EE00DA5687 /* MontserratAlternates-Light.otf in Resources */,
				70957477239969EE00DA5687 /* MontserratAlternates-MediumItalic.otf in Resources */,
				7095746A239969EE00DA5687 /* Montserrat-Italic.otf in Resources */,
				70957480239969EE00DA5687 /* Montserrat-Thin.otf in Resources */,
				7095747A239969EE00DA5687 /* MontserratAlternates-Italic.otf in Resources */,
				70957464239969EE00DA5687 /* Montserrat-BoldItalic.otf in Resources */,
				7095746D239969EE00DA5687 /* MontserratAlternates-ThinItalic.otf in Resources */,
				7095747B239969EE00DA5687 /* Montserrat-LightItalic.otf in Resources */,
				70957485239969EE00DA5687 /* Montserrat-MediumItalic.otf in Resources */,
				70957482239969EE00DA5687 /* MontserratAlternates-ExtraBold.otf in Resources */,
				70957472239969EE00DA5687 /* MontserratAlternates-Thin.otf in Resources */,
				70957469239969EE00DA5687 /* Montserrat-SemiBold.otf in Resources */,
				70957462239969EE00DA5687 /* Montserrat-Regular.otf in Resources */,
				70957470239969EE00DA5687 /* MontserratAlternates-BlackItalic.otf in Resources */,
				70957467239969EE00DA5687 /* MontserratAlternates-SemiBoldItalic.otf in Resources */,
				70957483239969EE00DA5687 /* MontserratAlternates-ExtraLightItalic.otf in Resources */,
				70957473239969EE00DA5687 /* Montserrat-Medium.otf in Resources */,
				70957478239969EE00DA5687 /* MontserratAlternates-SemiBold.otf in Resources */,
				70957484239969EE00DA5687 /* Montserrat-BlackItalic.otf in Resources */,
				70957463239969EE00DA5687 /* MontserratAlternates-Bold.otf in Resources */,
				70957474239969EE00DA5687 /* Montserrat-Bold.otf in Resources */,
				70957476239969EE00DA5687 /* Montserrat-Light.otf in Resources */,
			);
			runOnlyForDeploymentPostprocessing = 0;
		};
/* End PBXResourcesBuildPhase section */

/* Begin PBXShellScriptBuildPhase section */
		08C94503A20FF79D7DB3B0DC /* [CP] Check Pods Manifest.lock */ = {
			isa = PBXShellScriptBuildPhase;
			buildActionMask = 2147483647;
			files = (
			);
			inputPaths = (
				"${PODS_PODFILE_DIR_PATH}/Podfile.lock",
				"${PODS_ROOT}/Manifest.lock",
			);
			name = "[CP] Check Pods Manifest.lock";
			outputPaths = (
				"$(DERIVED_FILE_DIR)/Pods-Treads-checkManifestLockResult.txt",
			);
			runOnlyForDeploymentPostprocessing = 0;
			shellPath = /bin/sh;
			shellScript = "diff \"${PODS_PODFILE_DIR_PATH}/Podfile.lock\" \"${PODS_ROOT}/Manifest.lock\" > /dev/null\nif [ $? != 0 ] ; then\n    # print error to STDERR\n    echo \"error: The sandbox is not in sync with the Podfile.lock. Run 'pod install' or update your CocoaPods installation.\" >&2\n    exit 1\nfi\n# This output is used by Xcode 'outputs' to avoid re-running this script phase.\necho \"SUCCESS\" > \"${SCRIPT_OUTPUT_FILE_0}\"\n";
			showEnvVarsInLog = 0;
		};
		6A2ADDD6C744580D2F71F31F /* [CP] Embed Pods Frameworks */ = {
			isa = PBXShellScriptBuildPhase;
			buildActionMask = 2147483647;
			files = (
			);
			inputFileListPaths = (
				"${PODS_ROOT}/Target Support Files/Pods-Treads/Pods-Treads-frameworks-${CONFIGURATION}-input-files.xcfilelist",
			);
			name = "[CP] Embed Pods Frameworks";
			outputFileListPaths = (
				"${PODS_ROOT}/Target Support Files/Pods-Treads/Pods-Treads-frameworks-${CONFIGURATION}-output-files.xcfilelist",
			);
			runOnlyForDeploymentPostprocessing = 0;
			shellPath = /bin/sh;
			shellScript = "\"${PODS_ROOT}/Target Support Files/Pods-Treads/Pods-Treads-frameworks.sh\"\n";
			showEnvVarsInLog = 0;
		};
/* End PBXShellScriptBuildPhase section */

/* Begin PBXSourcesBuildPhase section */
		7095741B2399376C00DA5687 /* Sources */ = {
			isa = PBXSourcesBuildPhase;
			buildActionMask = 2147483647;
			files = (
				70C8DA932399B5250005EFD9 /* CurrentRunVC.swift in Sources */,
				70443D4023A397BF00E8EE34 /* Run.swift in Sources */,
				709574292399376C00DA5687 /* RunLogVC.swift in Sources */,
				709574272399376C00DA5687 /* BeginRunVC.swift in Sources */,
				7037867823A420720044AF2F /* RunLogCell.swift in Sources */,
				709574232399376C00DA5687 /* AppDelegate.swift in Sources */,
				709574252399376C00DA5687 /* SceneDelegate.swift in Sources */,
				70A2516B239E5BB000699659 /* LocationVC.swift in Sources */,
				702C05F023A2AE2B00D395B9 /* Extensions.swift in Sources */,
				70D46D9123A40A4000C35B1A /* Constants.swift in Sources */,
			);
			runOnlyForDeploymentPostprocessing = 0;
		};
/* End PBXSourcesBuildPhase section */

/* Begin PBXVariantGroup section */
		7095742A2399376C00DA5687 /* Main.storyboard */ = {
			isa = PBXVariantGroup;
			children = (
				7095742B2399376C00DA5687 /* Base */,
			);
			name = Main.storyboard;
			sourceTree = "<group>";
		};
		7095742F2399377000DA5687 /* LaunchScreen.storyboard */ = {
			isa = PBXVariantGroup;
			children = (
				709574302399377000DA5687 /* Base */,
			);
			name = LaunchScreen.storyboard;
			sourceTree = "<group>";
		};
/* End PBXVariantGroup section */

/* Begin XCBuildConfiguration section */
		709574332399377000DA5687 /* Debug */ = {
			isa = XCBuildConfiguration;
			buildSettings = {
				ALWAYS_SEARCH_USER_PATHS = NO;
				CLANG_ANALYZER_NONNULL = YES;
				CLANG_ANALYZER_NUMBER_OBJECT_CONVERSION = YES_AGGRESSIVE;
				CLANG_CXX_LANGUAGE_STANDARD = "gnu++14";
				CLANG_CXX_LIBRARY = "libc++";
				CLANG_ENABLE_MODULES = YES;
				CLANG_ENABLE_OBJC_ARC = YES;
				CLANG_ENABLE_OBJC_WEAK = YES;
				CLANG_WARN_BLOCK_CAPTURE_AUTORELEASING = YES;
				CLANG_WARN_BOOL_CONVERSION = YES;
				CLANG_WARN_COMMA = YES;
				CLANG_WARN_CONSTANT_CONVERSION = YES;
				CLANG_WARN_DEPRECATED_OBJC_IMPLEMENTATIONS = YES;
				CLANG_WARN_DIRECT_OBJC_ISA_USAGE = YES_ERROR;
				CLANG_WARN_DOCUMENTATION_COMMENTS = YES;
				CLANG_WARN_EMPTY_BODY = YES;
				CLANG_WARN_ENUM_CONVERSION = YES;
				CLANG_WARN_INFINITE_RECURSION = YES;
				CLANG_WARN_INT_CONVERSION = YES;
				CLANG_WARN_NON_LITERAL_NULL_CONVERSION = YES;
				CLANG_WARN_OBJC_IMPLICIT_RETAIN_SELF = YES;
				CLANG_WARN_OBJC_LITERAL_CONVERSION = YES;
				CLANG_WARN_OBJC_ROOT_CLASS = YES_ERROR;
				CLANG_WARN_RANGE_LOOP_ANALYSIS = YES;
				CLANG_WARN_STRICT_PROTOTYPES = YES;
				CLANG_WARN_SUSPICIOUS_MOVE = YES;
				CLANG_WARN_UNGUARDED_AVAILABILITY = YES_AGGRESSIVE;
				CLANG_WARN_UNREACHABLE_CODE = YES;
				CLANG_WARN__DUPLICATE_METHOD_MATCH = YES;
				COPY_PHASE_STRIP = NO;
				DEBUG_INFORMATION_FORMAT = dwarf;
				ENABLE_STRICT_OBJC_MSGSEND = YES;
				ENABLE_TESTABILITY = YES;
				GCC_C_LANGUAGE_STANDARD = gnu11;
				GCC_DYNAMIC_NO_PIC = NO;
				GCC_NO_COMMON_BLOCKS = YES;
				GCC_OPTIMIZATION_LEVEL = 0;
				GCC_PREPROCESSOR_DEFINITIONS = (
					"DEBUG=1",
					"$(inherited)",
				);
				GCC_WARN_64_TO_32_BIT_CONVERSION = YES;
				GCC_WARN_ABOUT_RETURN_TYPE = YES_ERROR;
				GCC_WARN_UNDECLARED_SELECTOR = YES;
				GCC_WARN_UNINITIALIZED_AUTOS = YES_AGGRESSIVE;
				GCC_WARN_UNUSED_FUNCTION = YES;
				GCC_WARN_UNUSED_VARIABLE = YES;
				IPHONEOS_DEPLOYMENT_TARGET = 13.2;
				MTL_ENABLE_DEBUG_INFO = INCLUDE_SOURCE;
				MTL_FAST_MATH = YES;
				ONLY_ACTIVE_ARCH = YES;
				SDKROOT = iphoneos;
				SWIFT_ACTIVE_COMPILATION_CONDITIONS = DEBUG;
				SWIFT_OPTIMIZATION_LEVEL = "-Onone";
			};
			name = Debug;
		};
		709574342399377000DA5687 /* Release */ = {
			isa = XCBuildConfiguration;
			buildSettings = {
				ALWAYS_SEARCH_USER_PATHS = NO;
				CLANG_ANALYZER_NONNULL = YES;
				CLANG_ANALYZER_NUMBER_OBJECT_CONVERSION = YES_AGGRESSIVE;
				CLANG_CXX_LANGUAGE_STANDARD = "gnu++14";
				CLANG_CXX_LIBRARY = "libc++";
				CLANG_ENABLE_MODULES = YES;
				CLANG_ENABLE_OBJC_ARC = YES;
				CLANG_ENABLE_OBJC_WEAK = YES;
				CLANG_WARN_BLOCK_CAPTURE_AUTORELEASING = YES;
				CLANG_WARN_BOOL_CONVERSION = YES;
				CLANG_WARN_COMMA = YES;
				CLANG_WARN_CONSTANT_CONVERSION = YES;
				CLANG_WARN_DEPRECATED_OBJC_IMPLEMENTATIONS = YES;
				CLANG_WARN_DIRECT_OBJC_ISA_USAGE = YES_ERROR;
				CLANG_WARN_DOCUMENTATION_COMMENTS = YES;
				CLANG_WARN_EMPTY_BODY = YES;
				CLANG_WARN_ENUM_CONVERSION = YES;
				CLANG_WARN_INFINITE_RECURSION = YES;
				CLANG_WARN_INT_CONVERSION = YES;
				CLANG_WARN_NON_LITERAL_NULL_CONVERSION = YES;
				CLANG_WARN_OBJC_IMPLICIT_RETAIN_SELF = YES;
				CLANG_WARN_OBJC_LITERAL_CONVERSION = YES;
				CLANG_WARN_OBJC_ROOT_CLASS = YES_ERROR;
				CLANG_WARN_RANGE_LOOP_ANALYSIS = YES;
				CLANG_WARN_STRICT_PROTOTYPES = YES;
				CLANG_WARN_SUSPICIOUS_MOVE = YES;
				CLANG_WARN_UNGUARDED_AVAILABILITY = YES_AGGRESSIVE;
				CLANG_WARN_UNREACHABLE_CODE = YES;
				CLANG_WARN__DUPLICATE_METHOD_MATCH = YES;
				COPY_PHASE_STRIP = NO;
				DEBUG_INFORMATION_FORMAT = "dwarf-with-dsym";
				ENABLE_NS_ASSERTIONS = NO;
				ENABLE_STRICT_OBJC_MSGSEND = YES;
				GCC_C_LANGUAGE_STANDARD = gnu11;
				GCC_NO_COMMON_BLOCKS = YES;
				GCC_WARN_64_TO_32_BIT_CONVERSION = YES;
				GCC_WARN_ABOUT_RETURN_TYPE = YES_ERROR;
				GCC_WARN_UNDECLARED_SELECTOR = YES;
				GCC_WARN_UNINITIALIZED_AUTOS = YES_AGGRESSIVE;
				GCC_WARN_UNUSED_FUNCTION = YES;
				GCC_WARN_UNUSED_VARIABLE = YES;
				IPHONEOS_DEPLOYMENT_TARGET = 13.2;
				MTL_ENABLE_DEBUG_INFO = NO;
				MTL_FAST_MATH = YES;
				SDKROOT = iphoneos;
				SWIFT_COMPILATION_MODE = wholemodule;
				SWIFT_OPTIMIZATION_LEVEL = "-O";
				VALIDATE_PRODUCT = YES;
			};
			name = Release;
		};
		709574362399377000DA5687 /* Debug */ = {
			isa = XCBuildConfiguration;
			baseConfigurationReference = 5702AEFDCFCEC1D1EA26BF4F /* Pods-Treads.debug.xcconfig */;
			buildSettings = {
				ASSETCATALOG_COMPILER_APPICON_NAME = AppIcon;
				CODE_SIGN_STYLE = Automatic;
				DEVELOPMENT_TEAM = 5DZ8G929RG;
				INFOPLIST_FILE = Treads/Info.plist;
				LD_RUNPATH_SEARCH_PATHS = (
					"$(inherited)",
					"@executable_path/Frameworks",
				);
				PRODUCT_BUNDLE_IDENTIFIER = TK.Treads;
				PRODUCT_NAME = "$(TARGET_NAME)";
				SWIFT_VERSION = 5.0;
				TARGETED_DEVICE_FAMILY = "1,2";
			};
			name = Debug;
		};
		709574372399377000DA5687 /* Release */ = {
			isa = XCBuildConfiguration;
			baseConfigurationReference = 2E5BE15ED7E8318986AB5FEC /* Pods-Treads.release.xcconfig */;
			buildSettings = {
				ASSETCATALOG_COMPILER_APPICON_NAME = AppIcon;
				CODE_SIGN_STYLE = Automatic;
				DEVELOPMENT_TEAM = 5DZ8G929RG;
				INFOPLIST_FILE = Treads/Info.plist;
				LD_RUNPATH_SEARCH_PATHS = (
					"$(inherited)",
					"@executable_path/Frameworks",
				);
				PRODUCT_BUNDLE_IDENTIFIER = TK.Treads;
				PRODUCT_NAME = "$(TARGET_NAME)";
				SWIFT_VERSION = 5.0;
				TARGETED_DEVICE_FAMILY = "1,2";
			};
			name = Release;
		};
/* End XCBuildConfiguration section */

/* Begin XCConfigurationList section */
		7095741A2399376C00DA5687 /* Build configuration list for PBXProject "Treads" */ = {
			isa = XCConfigurationList;
			buildConfigurations = (
				709574332399377000DA5687 /* Debug */,
				709574342399377000DA5687 /* Release */,
			);
			defaultConfigurationIsVisible = 0;
			defaultConfigurationName = Release;
		};
		709574352399377000DA5687 /* Build configuration list for PBXNativeTarget "Treads" */ = {
			isa = XCConfigurationList;
			buildConfigurations = (
				709574362399377000DA5687 /* Debug */,
				709574372399377000DA5687 /* Release */,
			);
			defaultConfigurationIsVisible = 0;
			defaultConfigurationName = Release;
		};
/* End XCConfigurationList section */
	};
	rootObject = 709574172399376C00DA5687 /* Project object */;
}
